
Microsoft Visual Studio Solution File, Format Version 12.00
# Visual Studio Version 16
VisualStudioVersion = 16.0.30717.126
MinimumVisualStudioVersion = 10.0.40219.1
Project("{FAE04EC0-301F-11D3-BF4B-00C04F79EFBC}") = "LR4", "LR4\LR4.csproj", "{BD7B59DF-1F0A-4044-B149-A2F4311DC993}"
EndProject
Global
	GlobalSection(SolutionConfigurationPlatforms) = preSolution
		Debug|Any CPU = Debug|Any CPU
		Release|Any CPU = Release|Any CPU
	EndGlobalSection
	GlobalSection(ProjectConfigurationPlatforms) = postSolution
		{BD7B59DF-1F0A-4044-B149-A2F4311DC993}.Debug|Any CPU.ActiveCfg = Debug|Any CPU
		{BD7B59DF-1F0A-4044-B149-A2F4311DC993}.Debug|Any CPU.Build.0 = Debug|Any CPU
		{BD7B59DF-1F0A-4044-B149-A2F4311DC993}.Release|Any CPU.ActiveCfg = Release|Any CPU
		{BD7B59DF-1F0A-4044-B149-A2F4311DC993}.Release|Any CPU.Build.0 = Release|Any CPU
	EndGlobalSection
	GlobalSection(SolutionProperties) = preSolution
		HideSolutionNode = FALSE
	EndGlobalSection
	GlobalSection(ExtensibilityGlobals) = postSolution
		SolutionGuid = {634B15B1-7190-41A6-949B-E1FEAE72F36B}
	EndGlobalSection
EndGlobal
